
Microsoft Visual Studio Solution File, Format Version 12.00
# Visual Studio 14
VisualStudioVersion = 14.0.25420.1
MinimumVisualStudioVersion = 10.0.40219.1
Project("{2150E333-8FDC-42A3-9474-1A3956D46DE8}") = "IS", "IS", "{7B60CA26-80E1-4372-BF77-4036163BB2B4}"
EndProject
Project("{2150E333-8FDC-42A3-9474-1A3956D46DE8}") = "DPS", "DPS", "{AB5A111C-4794-4B6A-BD92-D0A1809643AF}"
EndProject
Project("{2150E333-8FDC-42A3-9474-1A3956D46DE8}") = "PoF", "PoF", "{5EE99293-336B-4E65-B154-3638F79A4502}"
EndProject
Project("{2150E333-8FDC-42A3-9474-1A3956D46DE8}") = "Components", "Components", "{CF8F0889-EE99-49F1-ACB5-A77475A364AD}"
EndProject
Project("{FAE04EC0-301F-11D3-BF4B-00C04F79EFBC}") = "PoF.Components.Collector", "PoF\Components\PoF.Components.Collector\PoF.Components.Collector.csproj", "{ED3154E7-508C-4015-8E4E-155D167678B3}"
EndProject
Project("{FAE04EC0-301F-11D3-BF4B-00C04F79EFBC}") = "PoF.Components.Archiver", "PoF\Components\PoF.Components.Archiver\PoF.Components.Archiver.csproj", "{998C09E3-057A-4FD3-97BF-8417BFC90F9F}"
EndProject
Project("{FAE04EC0-301F-11D3-BF4B-00C04F79EFBC}") = "ConsoleRunner", "ConsoleRunner\ConsoleRunner.csproj", "{901101C7-CBB4-4715-84F0-3F3278994505}"
EndProject
Project("{FAE04EC0-301F-11D3-BF4B-00C04F79EFBC}") = "PoF.CaPM", "PoF\PoF.CaPM\PoF.CaPM.csproj", "{1FBDBB42-C22C-4182-AD7B-173B89BB2ACA}"
EndProject
Project("{FAE04EC0-301F-11D3-BF4B-00C04F79EFBC}") = "PoF.Common", "PoF\PoF.Common\PoF.Common.csproj", "{46804729-E238-4C18-8417-DD93306A8EC8}"
EndProject
Project("{FAE04EC0-301F-11D3-BF4B-00C04F79EFBC}") = "PoF.StagingStore", "PoF\PoF.StagingStore\PoF.StagingStore.csproj", "{8F733DFA-C3FA-46E6-BFF1-B80152A97F42}"
EndProject
Project("{FAE04EC0-301F-11D3-BF4B-00C04F79EFBC}") = "PoF.Messaging", "PoF\PoF.Messaging\PoF.Messaging.csproj", "{ECE62D1E-9045-4FC0-93DE-3E3375053205}"
EndProject
Project("{FAE04EC0-301F-11D3-BF4B-00C04F79EFBC}") = "PoF.FakeImplementations", "PoF\PoF.FakeImplementations\PoF.FakeImplementations.csproj", "{6EFEB351-7A71-43BA-A329-752E16B06634}"
EndProject
Project("{FAE04EC0-301F-11D3-BF4B-00C04F79EFBC}") = "WebRunner", "WebRunner\WebRunner.csproj", "{1583185B-9165-4620-A1B5-AA9B00AC7CD2}"
EndProject
Project("{FAE04EC0-301F-11D3-BF4B-00C04F79EFBC}") = "PoF.Components.RandomError", "PoF\Components\PoF.Components.RandomError\PoF.Components.RandomError.csproj", "{433EA217-173E-4ED1-A8AE-E2D9EBF12602}"
EndProject
Project("{FAE04EC0-301F-11D3-BF4B-00C04F79EFBC}") = "PoF.StagingStore.Azure", "PoF\PoF.StagingStore.Azure\PoF.StagingStore.Azure.csproj", "{86E888EC-CB69-49F6-A8AB-A28B171EE2AF}"
EndProject
Global
	GlobalSection(SolutionConfigurationPlatforms) = preSolution
		Debug|Any CPU = Debug|Any CPU
		Release|Any CPU = Release|Any CPU
	EndGlobalSection
	GlobalSection(ProjectConfigurationPlatforms) = postSolution
		{ED3154E7-508C-4015-8E4E-155D167678B3}.Debug|Any CPU.ActiveCfg = Debug|Any CPU
		{ED3154E7-508C-4015-8E4E-155D167678B3}.Debug|Any CPU.Build.0 = Debug|Any CPU
		{ED3154E7-508C-4015-8E4E-155D167678B3}.Release|Any CPU.ActiveCfg = Release|Any CPU
		{ED3154E7-508C-4015-8E4E-155D167678B3}.Release|Any CPU.Build.0 = Release|Any CPU
		{998C09E3-057A-4FD3-97BF-8417BFC90F9F}.Debug|Any CPU.ActiveCfg = Debug|Any CPU
		{998C09E3-057A-4FD3-97BF-8417BFC90F9F}.Debug|Any CPU.Build.0 = Debug|Any CPU
		{998C09E3-057A-4FD3-97BF-8417BFC90F9F}.Release|Any CPU.ActiveCfg = Release|Any CPU
		{998C09E3-057A-4FD3-97BF-8417BFC90F9F}.Release|Any CPU.Build.0 = Release|Any CPU
		{901101C7-CBB4-4715-84F0-3F3278994505}.Debug|Any CPU.ActiveCfg = Debug|Any CPU
		{901101C7-CBB4-4715-84F0-3F3278994505}.Debug|Any CPU.Build.0 = Debug|Any CPU
		{901101C7-CBB4-4715-84F0-3F3278994505}.Release|Any CPU.ActiveCfg = Release|Any CPU
		{901101C7-CBB4-4715-84F0-3F3278994505}.Release|Any CPU.Build.0 = Release|Any CPU
		{1FBDBB42-C22C-4182-AD7B-173B89BB2ACA}.Debug|Any CPU.ActiveCfg = Debug|Any CPU
		{1FBDBB42-C22C-4182-AD7B-173B89BB2ACA}.Debug|Any CPU.Build.0 = Debug|Any CPU
		{1FBDBB42-C22C-4182-AD7B-173B89BB2ACA}.Release|Any CPU.ActiveCfg = Release|Any CPU
		{1FBDBB42-C22C-4182-AD7B-173B89BB2ACA}.Release|Any CPU.Build.0 = Release|Any CPU
		{46804729-E238-4C18-8417-DD93306A8EC8}.Debug|Any CPU.ActiveCfg = Debug|Any CPU
		{46804729-E238-4C18-8417-DD93306A8EC8}.Debug|Any CPU.Build.0 = Debug|Any CPU
		{46804729-E238-4C18-8417-DD93306A8EC8}.Release|Any CPU.ActiveCfg = Release|Any CPU
		{46804729-E238-4C18-8417-DD93306A8EC8}.Release|Any CPU.Build.0 = Release|Any CPU
		{8F733DFA-C3FA-46E6-BFF1-B80152A97F42}.Debug|Any CPU.ActiveCfg = Debug|Any CPU
		{8F733DFA-C3FA-46E6-BFF1-B80152A97F42}.Debug|Any CPU.Build.0 = Debug|Any CPU
		{8F733DFA-C3FA-46E6-BFF1-B80152A97F42}.Release|Any CPU.ActiveCfg = Release|Any CPU
		{8F733DFA-C3FA-46E6-BFF1-B80152A97F42}.Release|Any CPU.Build.0 = Release|Any CPU
		{ECE62D1E-9045-4FC0-93DE-3E3375053205}.Debug|Any CPU.ActiveCfg = Debug|Any CPU
		{ECE62D1E-9045-4FC0-93DE-3E3375053205}.Debug|Any CPU.Build.0 = Debug|Any CPU
		{ECE62D1E-9045-4FC0-93DE-3E3375053205}.Release|Any CPU.ActiveCfg = Release|Any CPU
		{ECE62D1E-9045-4FC0-93DE-3E3375053205}.Release|Any CPU.Build.0 = Release|Any CPU
		{6EFEB351-7A71-43BA-A329-752E16B06634}.Debug|Any CPU.ActiveCfg = Debug|Any CPU
		{6EFEB351-7A71-43BA-A329-752E16B06634}.Debug|Any CPU.Build.0 = Debug|Any CPU
		{6EFEB351-7A71-43BA-A329-752E16B06634}.Release|Any CPU.ActiveCfg = Release|Any CPU
		{6EFEB351-7A71-43BA-A329-752E16B06634}.Release|Any CPU.Build.0 = Release|Any CPU
		{1583185B-9165-4620-A1B5-AA9B00AC7CD2}.Debug|Any CPU.ActiveCfg = Debug|Any CPU
		{1583185B-9165-4620-A1B5-AA9B00AC7CD2}.Debug|Any CPU.Build.0 = Debug|Any CPU
		{1583185B-9165-4620-A1B5-AA9B00AC7CD2}.Release|Any CPU.ActiveCfg = Release|Any CPU
		{1583185B-9165-4620-A1B5-AA9B00AC7CD2}.Release|Any CPU.Build.0 = Release|Any CPU
		{433EA217-173E-4ED1-A8AE-E2D9EBF12602}.Debug|Any CPU.ActiveCfg = Debug|Any CPU
		{433EA217-173E-4ED1-A8AE-E2D9EBF12602}.Debug|Any CPU.Build.0 = Debug|Any CPU
		{433EA217-173E-4ED1-A8AE-E2D9EBF12602}.Release|Any CPU.ActiveCfg = Release|Any CPU
		{433EA217-173E-4ED1-A8AE-E2D9EBF12602}.Release|Any CPU.Build.0 = Release|Any CPU
		{86E888EC-CB69-49F6-A8AB-A28B171EE2AF}.Debug|Any CPU.ActiveCfg = Debug|Any CPU
		{86E888EC-CB69-49F6-A8AB-A28B171EE2AF}.Debug|Any CPU.Build.0 = Debug|Any CPU
		{86E888EC-CB69-49F6-A8AB-A28B171EE2AF}.Release|Any CPU.ActiveCfg = Release|Any CPU
		{86E888EC-CB69-49F6-A8AB-A28B171EE2AF}.Release|Any CPU.Build.0 = Release|Any CPU
	EndGlobalSection
	GlobalSection(SolutionProperties) = preSolution
		HideSolutionNode = FALSE
	EndGlobalSection
	GlobalSection(NestedProjects) = preSolution
		{CF8F0889-EE99-49F1-ACB5-A77475A364AD} = {5EE99293-336B-4E65-B154-3638F79A4502}
		{ED3154E7-508C-4015-8E4E-155D167678B3} = {CF8F0889-EE99-49F1-ACB5-A77475A364AD}
		{998C09E3-057A-4FD3-97BF-8417BFC90F9F} = {CF8F0889-EE99-49F1-ACB5-A77475A364AD}
		{1FBDBB42-C22C-4182-AD7B-173B89BB2ACA} = {5EE99293-336B-4E65-B154-3638F79A4502}
		{46804729-E238-4C18-8417-DD93306A8EC8} = {5EE99293-336B-4E65-B154-3638F79A4502}
		{8F733DFA-C3FA-46E6-BFF1-B80152A97F42} = {5EE99293-336B-4E65-B154-3638F79A4502}
		{ECE62D1E-9045-4FC0-93DE-3E3375053205} = {5EE99293-336B-4E65-B154-3638F79A4502}
		{6EFEB351-7A71-43BA-A329-752E16B06634} = {5EE99293-336B-4E65-B154-3638F79A4502}
		{433EA217-173E-4ED1-A8AE-E2D9EBF12602} = {CF8F0889-EE99-49F1-ACB5-A77475A364AD}
		{86E888EC-CB69-49F6-A8AB-A28B171EE2AF} = {5EE99293-336B-4E65-B154-3638F79A4502}
	EndGlobalSection
EndGlobal
